{
  "name": "DatingApp",
  "lockfileVersion": 3,
  "requires": true,
  "packages": {
    "": {
      "dependencies": {
        "@kolkov/ngx-gallery": "^2.0.1"
      }
    },
    "node_modules/@angular/animations": {
      "version": "13.3.12",
      "resolved": "https://registry.npmjs.org/@angular/animations/-/animations-13.3.12.tgz",
      "integrity": "sha512-dc2JDokKJuuNxzzZa9FvuQU71kYC/e0xCLjGxEgX48sGKwajHRGBuzYFb8EmvLeA24SshYGmrxN0vGG9GhLK6g==",
      "peer": true,
      "dependencies": {
        "tslib": "^2.3.0"
      },
      "engines": {
        "node": "^12.20.0 || ^14.15.0 || >=16.10.0"
      },
      "peerDependencies": {
        "@angular/core": "13.3.12"
      }
    },
    "node_modules/@angular/common": {
      "version": "13.3.12",
      "resolved": "https://registry.npmjs.org/@angular/common/-/common-13.3.12.tgz",
      "integrity": "sha512-Nk4zNKfda92aFe+cucHRv2keyryR7C1ZnsurwZW9WZSobpY3z2tTT81F+yy35lGoMt5BDBAIpfh1b4j9Ue/vMg==",
      "peer": true,
      "dependencies": {
        "tslib": "^2.3.0"
      },
      "engines": {
        "node": "^12.20.0 || ^14.15.0 || >=16.10.0"
      },
      "peerDependencies": {
        "@angular/core": "13.3.12",
        "rxjs": "^6.5.3 || ^7.4.0"
      }
    },
    "node_modules/@angular/core": {
      "version": "13.3.12",
      "resolved": "https://registry.npmjs.org/@angular/core/-/core-13.3.12.tgz",
      "integrity": "sha512-jx0YC+NbPMbxGr5bXECkCEQv2RdVxR8AJNnabkPk8ZjwCpDzROrbELwwS1kunrZUhffcD15IhWGBvf1EGHAYDw==",
      "peer": true,
      "dependencies": {
        "tslib": "^2.3.0"
      },
      "engines": {
        "node": "^12.20.0 || ^14.15.0 || >=16.10.0"
      },
      "peerDependencies": {
        "rxjs": "^6.5.3 || ^7.4.0",
        "zone.js": "~0.11.4"
      }
    },
    "node_modules/@kolkov/ngx-gallery": {
      "version": "2.0.1",
      "resolved": "https://registry.npmjs.org/@kolkov/ngx-gallery/-/ngx-gallery-2.0.1.tgz",
      "integrity": "sha512-mTigRy9Ha7bqCF/+GNKeW2Oe8ZILuM5GGMw+ZbvTQWq3X5hngeFFgv8GFG49Py3biX67kb0NhqCP+msLe4wbXQ==",
      "dependencies": {
        "tslib": "^2.3.0"
      },
      "peerDependencies": {
        "@angular/animations": ">=13.0.0 <14",
        "@angular/common": ">=13.0.0 <14",
        "@angular/core": ">=13.0.0 <14"
      }
    },
    "node_modules/rxjs": {
      "version": "7.5.7",
      "resolved": "https://registry.npmjs.org/rxjs/-/rxjs-7.5.7.tgz",
      "integrity": "sha512-z9MzKh/UcOqB3i20H6rtrlaE/CgjLOvheWK/9ILrbhROGTweAi1BaFsTT9FbwZi5Trr1qNRs+MXkhmR06awzQA==",
      "peer": true,
      "dependencies": {
        "tslib": "^2.1.0"
      }
    },
    "node_modules/tslib": {
      "version": "2.4.1",
      "resolved": "https://registry.npmjs.org/tslib/-/tslib-2.4.1.tgz",
      "integrity": "sha512-tGyy4dAjRIEwI7BzsB0lynWgOpfqjUdq91XXAlIWD2OwKBH7oCl/GZG/HT4BOHrTlPMOASlMQ7veyTqpmRcrNA=="
    },
    "node_modules/zone.js": {
      "version": "0.11.8",
      "resolved": "https://registry.npmjs.org/zone.js/-/zone.js-0.11.8.tgz",
      "integrity": "sha512-82bctBg2hKcEJ21humWIkXRlLBBmrc3nN7DFh5LGGhcyycO2S7FN8NmdvlcKaGFDNVL4/9kFLmwmInTavdJERA==",
      "peer": true,
      "dependencies": {
        "tslib": "^2.3.0"
      }
    }
  }
}
